// !$*UTF8*$!
{
	archiveVersion = 1;
	classes = {
	};
	objectVersion = 50;
	objects = {

/* Begin PBXBuildFile section */
		DA670DEF25624BD0005E7574 /* AppDelegate.swift in Sources */ = {isa = PBXBuildFile; fileRef = DA670DEE25624BD0005E7574 /* AppDelegate.swift */; };
		DA670DF125624BD0005E7574 /* SceneDelegate.swift in Sources */ = {isa = PBXBuildFile; fileRef = DA670DF025624BD0005E7574 /* SceneDelegate.swift */; };
		DA670DF325624BD0005E7574 /* ContentView.swift in Sources */ = {isa = PBXBuildFile; fileRef = DA670DF225624BD0005E7574 /* ContentView.swift */; };
		DA670DF525624BD1005E7574 /* Assets.xcassets in Resources */ = {isa = PBXBuildFile; fileRef = DA670DF425624BD1005E7574 /* Assets.xcassets */; };
		DA670DF825624BD1005E7574 /* Preview Assets.xcassets in Resources */ = {isa = PBXBuildFile; fileRef = DA670DF725624BD1005E7574 /* Preview Assets.xcassets */; };
		DA670DFB25624BD1005E7574 /* LaunchScreen.storyboard in Resources */ = {isa = PBXBuildFile; fileRef = DA670DF925624BD1005E7574 /* LaunchScreen.storyboard */; };
		DA670E0525625693005E7574 /* NetworkManager.swift in Sources */ = {isa = PBXBuildFile; fileRef = DA670E0425625693005E7574 /* NetworkManager.swift */; };
		DA670E08256266D6005E7574 /* PostData.swift in Sources */ = {isa = PBXBuildFile; fileRef = DA670E07256266D6005E7574 /* PostData.swift */; };
/* End PBXBuildFile section */

/* Begin PBXFileReference section */
		DA670DEB25624BD0005E7574 /* H4XORNews-SwiftUI.app */ = {isa = PBXFileReference; explicitFileType = wrapper.application; includeInIndex = 0; path = "H4XORNews-SwiftUI.app"; sourceTree = BUILT_PRODUCTS_DIR; };
		DA670DEE25624BD0005E7574 /* AppDelegate.swift */ = {isa = PBXFileReference; lastKnownFileType = sourcecode.swift; path = AppDelegate.swift; sourceTree = "<group>"; };
		DA670DF025624BD0005E7574 /* SceneDelegate.swift */ = {isa = PBXFileReference; lastKnownFileType = sourcecode.swift; path = SceneDelegate.swift; sourceTree = "<group>"; };
		DA670DF225624BD0005E7574 /* ContentView.swift */ = {isa = PBXFileReference; lastKnownFileType = sourcecode.swift; path = ContentView.swift; sourceTree = "<group>"; };
		DA670DF425624BD1005E7574 /* Assets.xcassets */ = {isa = PBXFileReference; lastKnownFileType = folder.assetcatalog; path = Assets.xcassets; sourceTree = "<group>"; };
		DA670DF725624BD1005E7574 /* Preview Assets.xcassets */ = {isa = PBXFileReference; lastKnownFileType = folder.assetcatalog; path = "Preview Assets.xcassets"; sourceTree = "<group>"; };
		DA670DFA25624BD1005E7574 /* Base */ = {isa = PBXFileReference; lastKnownFileType = file.storyboard; name = Base; path = Base.lproj/LaunchScreen.storyboard; sourceTree = "<group>"; };
		DA670DFC25624BD1005E7574 /* Info.plist */ = {isa = PBXFileReference; lastKnownFileType = text.plist.xml; path = Info.plist; sourceTree = "<group>"; };
		DA670E0425625693005E7574 /* NetworkManager.swift */ = {isa = PBXFileReference; lastKnownFileType = sourcecode.swift; path = NetworkManager.swift; sourceTree = "<group>"; };
		DA670E07256266D6005E7574 /* PostData.swift */ = {isa = PBXFileReference; lastKnownFileType = sourcecode.swift; path = PostData.swift; sourceTree = "<group>"; };
/* End PBXFileReference section */

/* Begin PBXFrameworksBuildPhase section */
		DA670DE825624BD0005E7574 /* Frameworks */ = {
			isa = PBXFrameworksBuildPhase;
			buildActionMask = 2147483647;
			files = (
			);
			runOnlyForDeploymentPostprocessing = 0;
		};
/* End PBXFrameworksBuildPhase section */

/* Begin PBXGroup section */
		DA670DE225624BD0005E7574 = {
			isa = PBXGroup;
			children = (
				DA670DED25624BD0005E7574 /* H4XORNews-SwiftUI */,
				DA670DEC25624BD0005E7574 /* Products */,
			);
			sourceTree = "<group>";
		};
		DA670DEC25624BD0005E7574 /* Products */ = {
			isa = PBXGroup;
			children = (
				DA670DEB25624BD0005E7574 /* H4XORNews-SwiftUI.app */,
			);
			name = Products;
			sourceTree = "<group>";
		};
		DA670DED25624BD0005E7574 /* H4XORNews-SwiftUI */ = {
			isa = PBXGroup;
			children = (
				DA670DEE25624BD0005E7574 /* AppDelegate.swift */,
				DA670DF025624BD0005E7574 /* SceneDelegate.swift */,
				DA670DF225624BD0005E7574 /* ContentView.swift */,
				DA670E0325625672005E7574 /* Model */,
				DA670DF425624BD1005E7574 /* Assets.xcassets */,
				DA670DF925624BD1005E7574 /* LaunchScreen.storyboard */,
				DA670DFC25624BD1005E7574 /* Info.plist */,
				DA670DF625624BD1005E7574 /* Preview Content */,
			);
			path = "H4XORNews-SwiftUI";
			sourceTree = "<group>";
		};
		DA670DF625624BD1005E7574 /* Preview Content */ = {
			isa = PBXGroup;
			children = (
				DA670DF725624BD1005E7574 /* Preview Assets.xcassets */,
			);
			path = "Preview Content";
			sourceTree = "<group>";
		};
		DA670E0325625672005E7574 /* Model */ = {
			isa = PBXGroup;
			children = (
				DA670E0425625693005E7574 /* NetworkManager.swift */,
				DA670E07256266D6005E7574 /* PostData.swift */,
			);
			path = Model;
			sourceTree = "<group>";
		};
/* End PBXGroup section */

/* Begin PBXNativeTarget section */
		DA670DEA25624BD0005E7574 /* H4XORNews-SwiftUI */ = {
			isa = PBXNativeTarget;
			buildConfigurationList = DA670DFF25624BD1005E7574 /* Build configuration list for PBXNativeTarget "H4XORNews-SwiftUI" */;
			buildPhases = (
				DA670DE725624BD0005E7574 /* Sources */,
				DA670DE825624BD0005E7574 /* Frameworks */,
				DA670DE925624BD0005E7574 /* Resources */,
			);
			buildRules = (
			);
			dependencies = (
			);
			name = "H4XORNews-SwiftUI";
			productName = "H4XORNews-SwiftUI";
			productReference = DA670DEB25624BD0005E7574 /* H4XORNews-SwiftUI.app */;
			productType = "com.apple.product-type.application";
		};
/* End PBXNativeTarget section */

/* Begin PBXProject section */
		DA670DE325624BD0005E7574 /* Project object */ = {
			isa = PBXProject;
			attributes = {
				LastSwiftUpdateCheck = 1220;
				LastUpgradeCheck = 1220;
				TargetAttributes = {
					DA670DEA25624BD0005E7574 = {
						CreatedOnToolsVersion = 12.2;
					};
				};
			};
			buildConfigurationList = DA670DE625624BD0005E7574 /* Build configuration list for PBXProject "H4XORNews-SwiftUI" */;
			compatibilityVersion = "Xcode 9.3";
			developmentRegion = en;
			hasScannedForEncodings = 0;
			knownRegions = (
				en,
				Base,
			);
			mainGroup = DA670DE225624BD0005E7574;
			productRefGroup = DA670DEC25624BD0005E7574 /* Products */;
			projectDirPath = "";
			projectRoot = "";
			targets = (
				DA670DEA25624BD0005E7574 /* H4XORNews-SwiftUI */,
			);
		};
/* End PBXProject section */

/* Begin PBXResourcesBuildPhase section */
		DA670DE925624BD0005E7574 /* Resources */ = {
			isa = PBXResourcesBuildPhase;
			buildActionMask = 2147483647;
			files = (
				DA670DFB25624BD1005E7574 /* LaunchScreen.storyboard in Resources */,
				DA670DF825624BD1005E7574 /* Preview Assets.xcassets in Resources */,
				DA670DF525624BD1005E7574 /* Assets.xcassets in Resources */,
			);
			runOnlyForDeploymentPostprocessing = 0;
		};
/* End PBXResourcesBuildPhase section */

/* Begin PBXSourcesBuildPhase section */
		DA670DE725624BD0005E7574 /* Sources */ = {
			isa = PBXSourcesBuildPhase;
			buildActionMask = 2147483647;
			files = (
				DA670E08256266D6005E7574 /* PostData.swift in Sources */,
				DA670E0525625693005E7574 /* NetworkManager.swift in Sources */,
				DA670DEF25624BD0005E7574 /* AppDelegate.swift in Sources */,
				DA670DF125624BD0005E7574 /* SceneDelegate.swift in Sources */,
				DA670DF325624BD0005E7574 /* ContentView.swift in Sources */,
			);
			runOnlyForDeploymentPostprocessing = 0;
		};
/* End PBXSourcesBuildPhase section */

/* Begin PBXVariantGroup section */
		DA670DF925624BD1005E7574 /* LaunchScreen.storyboard */ = {
			isa = PBXVariantGroup;
			children = (
				DA670DFA25624BD1005E7574 /* Base */,
			);
			name = LaunchScreen.storyboard;
			sourceTree = "<group>";
		};
/* End PBXVariantGroup section */

/* Begin XCBuildConfiguration section */
		DA670DFD25624BD1005E7574 /* Debug */ = {
			isa = XCBuildConfiguration;
			buildSettings = {
				ALWAYS_SEARCH_USER_PATHS = NO;
				CLANG_ANALYZER_NONNULL = YES;
				CLANG_ANALYZER_NUMBER_OBJECT_CONVERSION = YES_AGGRESSIVE;
				CLANG_CXX_LANGUAGE_STANDARD = "gnu++14";
				CLANG_CXX_LIBRARY = "libc++";
				CLANG_ENABLE_MODULES = YES;
				CLANG_ENABLE_OBJC_ARC = YES;
				CLANG_ENABLE_OBJC_WEAK = YES;
				CLANG_WARN_BLOCK_CAPTURE_AUTORELEASING = YES;
				CLANG_WARN_BOOL_CONVERSION = YES;
				CLANG_WARN_COMMA = YES;
				CLANG_WARN_CONSTANT_CONVERSION = YES;
				CLANG_WARN_DEPRECATED_OBJC_IMPLEMENTATIONS = YES;
				CLANG_WARN_DIRECT_OBJC_ISA_USAGE = YES_ERROR;
				CLANG_WARN_DOCUMENTATION_COMMENTS = YES;
				CLANG_WARN_EMPTY_BODY = YES;
				CLANG_WARN_ENUM_CONVERSION = YES;
				CLANG_WARN_INFINITE_RECURSION = YES;
				CLANG_WARN_INT_CONVERSION = YES;
				CLANG_WARN_NON_LITERAL_NULL_CONVERSION = YES;
				CLANG_WARN_OBJC_IMPLICIT_RETAIN_SELF = YES;
				CLANG_WARN_OBJC_LITERAL_CONVERSION = YES;
				CLANG_WARN_OBJC_ROOT_CLASS = YES_ERROR;
				CLANG_WARN_QUOTED_INCLUDE_IN_FRAMEWORK_HEADER = YES;
				CLANG_WARN_RANGE_LOOP_ANALYSIS = YES;
				CLANG_WARN_STRICT_PROTOTYPES = YES;
				CLANG_WARN_SUSPICIOUS_MOVE = YES;
				CLANG_WARN_UNGUARDED_AVAILABILITY = YES_AGGRESSIVE;
				CLANG_WARN_UNREACHABLE_CODE = YES;
				CLANG_WARN__DUPLICATE_METHOD_MATCH = YES;
				COPY_PHASE_STRIP = NO;
				DEBUG_INFORMATION_FORMAT = dwarf;
				ENABLE_STRICT_OBJC_MSGSEND = YES;
				ENABLE_TESTABILITY = YES;
				GCC_C_LANGUAGE_STANDARD = gnu11;
				GCC_DYNAMIC_NO_PIC = NO;
				GCC_NO_COMMON_BLOCKS = YES;
				GCC_OPTIMIZATION_LEVEL = 0;
				GCC_PREPROCESSOR_DEFINITIONS = (
					"DEBUG=1",
					"$(inherited)",
				);
				GCC_WARN_64_TO_32_BIT_CONVERSION = YES;
				GCC_WARN_ABOUT_RETURN_TYPE = YES_ERROR;
				GCC_WARN_UNDECLARED_SELECTOR = YES;
				GCC_WARN_UNINITIALIZED_AUTOS = YES_AGGRESSIVE;
				GCC_WARN_UNUSED_FUNCTION = YES;
				GCC_WARN_UNUSED_VARIABLE = YES;
				IPHONEOS_DEPLOYMENT_TARGET = 14.2;
				MTL_ENABLE_DEBUG_INFO = INCLUDE_SOURCE;
				MTL_FAST_MATH = YES;
				ONLY_ACTIVE_ARCH = YES;
				SDKROOT = iphoneos;
				SWIFT_ACTIVE_COMPILATION_CONDITIONS = DEBUG;
				SWIFT_OPTIMIZATION_LEVEL = "-Onone";
			};
			name = Debug;
		};
		DA670DFE25624BD1005E7574 /* Release */ = {
			isa = XCBuildConfiguration;
			buildSettings = {
				ALWAYS_SEARCH_USER_PATHS = NO;
				CLANG_ANALYZER_NONNULL = YES;
				CLANG_ANALYZER_NUMBER_OBJECT_CONVERSION = YES_AGGRESSIVE;
				CLANG_CXX_LANGUAGE_STANDARD = "gnu++14";
				CLANG_CXX_LIBRARY = "libc++";
				CLANG_ENABLE_MODULES = YES;
				CLANG_ENABLE_OBJC_ARC = YES;
				CLANG_ENABLE_OBJC_WEAK = YES;
				CLANG_WARN_BLOCK_CAPTURE_AUTORELEASING = YES;
				CLANG_WARN_BOOL_CONVERSION = YES;
				CLANG_WARN_COMMA = YES;
				CLANG_WARN_CONSTANT_CONVERSION = YES;
				CLANG_WARN_DEPRECATED_OBJC_IMPLEMENTATIONS = YES;
				CLANG_WARN_DIRECT_OBJC_ISA_USAGE = YES_ERROR;
				CLANG_WARN_DOCUMENTATION_COMMENTS = YES;
				CLANG_WARN_EMPTY_BODY = YES;
				CLANG_WARN_ENUM_CONVERSION = YES;
				CLANG_WARN_INFINITE_RECURSION = YES;
				CLANG_WARN_INT_CONVERSION = YES;
				CLANG_WARN_NON_LITERAL_NULL_CONVERSION = YES;
				CLANG_WARN_OBJC_IMPLICIT_RETAIN_SELF = YES;
				CLANG_WARN_OBJC_LITERAL_CONVERSION = YES;
				CLANG_WARN_OBJC_ROOT_CLASS = YES_ERROR;
				CLANG_WARN_QUOTED_INCLUDE_IN_FRAMEWORK_HEADER = YES;
				CLANG_WARN_RANGE_LOOP_ANALYSIS = YES;
				CLANG_WARN_STRICT_PROTOTYPES = YES;
				CLANG_WARN_SUSPICIOUS_MOVE = YES;
				CLANG_WARN_UNGUARDED_AVAILABILITY = YES_AGGRESSIVE;
				CLANG_WARN_UNREACHABLE_CODE = YES;
				CLANG_WARN__DUPLICATE_METHOD_MATCH = YES;
				COPY_PHASE_STRIP = NO;
				DEBUG_INFORMATION_FORMAT = "dwarf-with-dsym";
				ENABLE_NS_ASSERTIONS = NO;
				ENABLE_STRICT_OBJC_MSGSEND = YES;
				GCC_C_LANGUAGE_STANDARD = gnu11;
				GCC_NO_COMMON_BLOCKS = YES;
				GCC_WARN_64_TO_32_BIT_CONVERSION = YES;
				GCC_WARN_ABOUT_RETURN_TYPE = YES_ERROR;
				GCC_WARN_UNDECLARED_SELECTOR = YES;
				GCC_WARN_UNINITIALIZED_AUTOS = YES_AGGRESSIVE;
				GCC_WARN_UNUSED_FUNCTION = YES;
				GCC_WARN_UNUSED_VARIABLE = YES;
				IPHONEOS_DEPLOYMENT_TARGET = 14.2;
				MTL_ENABLE_DEBUG_INFO = NO;
				MTL_FAST_MATH = YES;
				SDKROOT = iphoneos;
				SWIFT_COMPILATION_MODE = wholemodule;
				SWIFT_OPTIMIZATION_LEVEL = "-O";
				VALIDATE_PRODUCT = YES;
			};
			name = Release;
		};
		DA670E0025624BD1005E7574 /* Debug */ = {
			isa = XCBuildConfiguration;
			buildSettings = {
				ASSETCATALOG_COMPILER_APPICON_NAME = AppIcon;
				ASSETCATALOG_COMPILER_GLOBAL_ACCENT_COLOR_NAME = AccentColor;
				CODE_SIGN_STYLE = Automatic;
				DEVELOPMENT_ASSET_PATHS = "\"H4XORNews-SwiftUI/Preview Content\"";
				DEVELOPMENT_TEAM = 4A4J3R44FB;
				ENABLE_PREVIEWS = YES;
				INFOPLIST_FILE = "H4XORNews-SwiftUI/Info.plist";
				LD_RUNPATH_SEARCH_PATHS = (
					"$(inherited)",
					"@executable_path/Frameworks",
				);
				PRODUCT_BUNDLE_IDENTIFIER = "Rexy.H4XORNews-SwiftUI";
				PRODUCT_NAME = "$(TARGET_NAME)";
				SWIFT_VERSION = 5.0;
				TARGETED_DEVICE_FAMILY = "1,2";
			};
			name = Debug;
		};
		DA670E0125624BD1005E7574 /* Release */ = {
			isa = XCBuildConfiguration;
			buildSettings = {
				ASSETCATALOG_COMPILER_APPICON_NAME = AppIcon;
				ASSETCATALOG_COMPILER_GLOBAL_ACCENT_COLOR_NAME = AccentColor;
				CODE_SIGN_STYLE = Automatic;
				DEVELOPMENT_ASSET_PATHS = "\"H4XORNews-SwiftUI/Preview Content\"";
				DEVELOPMENT_TEAM = 4A4J3R44FB;
				ENABLE_PREVIEWS = YES;
				INFOPLIST_FILE = "H4XORNews-SwiftUI/Info.plist";
				LD_RUNPATH_SEARCH_PATHS = (
					"$(inherited)",
					"@executable_path/Frameworks",
				);
				PRODUCT_BUNDLE_IDENTIFIER = "Rexy.H4XORNews-SwiftUI";
				PRODUCT_NAME = "$(TARGET_NAME)";
				SWIFT_VERSION = 5.0;
				TARGETED_DEVICE_FAMILY = "1,2";
			};
			name = Release;
		};
/* End XCBuildConfiguration section */

/* Begin XCConfigurationList section */
		DA670DE625624BD0005E7574 /* Build configuration list for PBXProject "H4XORNews-SwiftUI" */ = {
			isa = XCConfigurationList;
			buildConfigurations = (
				DA670DFD25624BD1005E7574 /* Debug */,
				DA670DFE25624BD1005E7574 /* Release */,
			);
			defaultConfigurationIsVisible = 0;
			defaultConfigurationName = Release;
		};
		DA670DFF25624BD1005E7574 /* Build configuration list for PBXNativeTarget "H4XORNews-SwiftUI" */ = {
			isa = XCConfigurationList;
			buildConfigurations = (
				DA670E0025624BD1005E7574 /* Debug */,
				DA670E0125624BD1005E7574 /* Release */,
			);
			defaultConfigurationIsVisible = 0;
			defaultConfigurationName = Release;
		};
/* End XCConfigurationList section */
	};
	rootObject = DA670DE325624BD0005E7574 /* Project object */;
}
